
Microsoft Visual Studio Solution File, Format Version 12.00
# Visual Studio Version 17
VisualStudioVersion = 17.2.32616.157
MinimumVisualStudioVersion = 10.0.40219.1
Project("{FAE04EC0-301F-11D3-BF4B-00C04F79EFBC}") = "DataPassingandLayout", "DataPassingandLayout\DataPassingandLayout.csproj", "{3DEF19CF-207A-43BD-BB5F-C1295B64DF94}"
EndProject
Global
	GlobalSection(SolutionConfigurationPlatforms) = preSolution
		Debug|Any CPU = Debug|Any CPU
		Release|Any CPU = Release|Any CPU
	EndGlobalSection
	GlobalSection(ProjectConfigurationPlatforms) = postSolution
		{3DEF19CF-207A-43BD-BB5F-C1295B64DF94}.Debug|Any CPU.ActiveCfg = Debug|Any CPU
		{3DEF19CF-207A-43BD-BB5F-C1295B64DF94}.Debug|Any CPU.Build.0 = Debug|Any CPU
		{3DEF19CF-207A-43BD-BB5F-C1295B64DF94}.Release|Any CPU.ActiveCfg = Release|Any CPU
		{3DEF19CF-207A-43BD-BB5F-C1295B64DF94}.Release|Any CPU.Build.0 = Release|Any CPU
	EndGlobalSection
	GlobalSection(SolutionProperties) = preSolution
		HideSolutionNode = FALSE
	EndGlobalSection
	GlobalSection(ExtensibilityGlobals) = postSolution
		SolutionGuid = {8C2F5964-B103-4AC1-B8AF-06983FA2EB5A}
	EndGlobalSection
EndGlobal
