
Microsoft Visual Studio Solution File, Format Version 12.00
# Visual Studio Version 17
VisualStudioVersion = 17.2.32616.157
MinimumVisualStudioVersion = 10.0.40219.1
Project("{FAE04EC0-301F-11D3-BF4B-00C04F79EFBC}") = "APICRUD", "APICRUD\APICRUD.csproj", "{08BEF115-8655-4A5E-B4E9-137D1FFE9C4D}"
EndProject
Global
	GlobalSection(SolutionConfigurationPlatforms) = preSolution
		Debug|Any CPU = Debug|Any CPU
		Release|Any CPU = Release|Any CPU
	EndGlobalSection
	GlobalSection(ProjectConfigurationPlatforms) = postSolution
		{08BEF115-8655-4A5E-B4E9-137D1FFE9C4D}.Debug|Any CPU.ActiveCfg = Debug|Any CPU
		{08BEF115-8655-4A5E-B4E9-137D1FFE9C4D}.Debug|Any CPU.Build.0 = Debug|Any CPU
		{08BEF115-8655-4A5E-B4E9-137D1FFE9C4D}.Release|Any CPU.ActiveCfg = Release|Any CPU
		{08BEF115-8655-4A5E-B4E9-137D1FFE9C4D}.Release|Any CPU.Build.0 = Release|Any CPU
	EndGlobalSection
	GlobalSection(SolutionProperties) = preSolution
		HideSolutionNode = FALSE
	EndGlobalSection
	GlobalSection(ExtensibilityGlobals) = postSolution
		SolutionGuid = {E60A1FDF-1ED8-4A2D-AD09-AFCD98C9D866}
	EndGlobalSection
EndGlobal
