
Microsoft Visual Studio Solution File, Format Version 12.00
# Visual Studio Version 17
VisualStudioVersion = 17.2.32616.157
MinimumVisualStudioVersion = 10.0.40219.1
Project("{FAE04EC0-301F-11D3-BF4B-00C04F79EFBC}") = "PMS", "PMS\PMS.csproj", "{8C35A54C-D55F-4AB6-8C51-32FAEDC87A6A}"
EndProject
Global
	GlobalSection(SolutionConfigurationPlatforms) = preSolution
		Debug|Any CPU = Debug|Any CPU
		Release|Any CPU = Release|Any CPU
	EndGlobalSection
	GlobalSection(ProjectConfigurationPlatforms) = postSolution
		{8C35A54C-D55F-4AB6-8C51-32FAEDC87A6A}.Debug|Any CPU.ActiveCfg = Debug|Any CPU
		{8C35A54C-D55F-4AB6-8C51-32FAEDC87A6A}.Debug|Any CPU.Build.0 = Debug|Any CPU
		{8C35A54C-D55F-4AB6-8C51-32FAEDC87A6A}.Release|Any CPU.ActiveCfg = Release|Any CPU
		{8C35A54C-D55F-4AB6-8C51-32FAEDC87A6A}.Release|Any CPU.Build.0 = Release|Any CPU
	EndGlobalSection
	GlobalSection(SolutionProperties) = preSolution
		HideSolutionNode = FALSE
	EndGlobalSection
	GlobalSection(ExtensibilityGlobals) = postSolution
		SolutionGuid = {19B8C5F9-C6CF-4B7B-B62E-E70622285087}
	EndGlobalSection
EndGlobal
